
Microsoft Visual Studio Solution File, Format Version 12.00
# Visual Studio Version 16
VisualStudioVersion = 16.0.31410.357
MinimumVisualStudioVersion = 10.0.40219.1
Project("{FAE04EC0-301F-11D3-BF4B-00C04F79EFBC}") = "UD4E23", "UD4E23\UD4E23.csproj", "{6C5E86E4-F4B9-4767-8CB0-3E23BB0D1B93}"
EndProject
Global
	GlobalSection(SolutionConfigurationPlatforms) = preSolution
		Debug|Any CPU = Debug|Any CPU
		Release|Any CPU = Release|Any CPU
	EndGlobalSection
	GlobalSection(ProjectConfigurationPlatforms) = postSolution
		{6C5E86E4-F4B9-4767-8CB0-3E23BB0D1B93}.Debug|Any CPU.ActiveCfg = Debug|Any CPU
		{6C5E86E4-F4B9-4767-8CB0-3E23BB0D1B93}.Debug|Any CPU.Build.0 = Debug|Any CPU
		{6C5E86E4-F4B9-4767-8CB0-3E23BB0D1B93}.Release|Any CPU.ActiveCfg = Release|Any CPU
		{6C5E86E4-F4B9-4767-8CB0-3E23BB0D1B93}.Release|Any CPU.Build.0 = Release|Any CPU
	EndGlobalSection
	GlobalSection(SolutionProperties) = preSolution
		HideSolutionNode = FALSE
	EndGlobalSection
	GlobalSection(ExtensibilityGlobals) = postSolution
		SolutionGuid = {3083E8BF-CC41-4E86-9B8B-435E5CCC0F78}
	EndGlobalSection
EndGlobal
